// !$*UTF8*$!
{
	archiveVersion = 1;
	classes = {
	};
	objectVersion = 50;
	objects = {

/* Begin PBXBuildFile section */
		5665A7EE24AF7A4F00D113E8 /* Grid.swift in Sources */ = {isa = PBXBuildFile; fileRef = 5665A7ED24AF7A4F00D113E8 /* Grid.swift */; };
		5665A7EF24AF7A4F00D113E8 /* Grid.swift in Sources */ = {isa = PBXBuildFile; fileRef = 5665A7ED24AF7A4F00D113E8 /* Grid.swift */; };
		5665A7F124AF7E8400D113E8 /* GridLayout.swift in Sources */ = {isa = PBXBuildFile; fileRef = 5665A7F024AF7E8400D113E8 /* GridLayout.swift */; };
		5665A7F224AF7E8400D113E8 /* GridLayout.swift in Sources */ = {isa = PBXBuildFile; fileRef = 5665A7F024AF7E8400D113E8 /* GridLayout.swift */; };
		5665A7F624AF82BA00D113E8 /* Array+Extension.swift in Sources */ = {isa = PBXBuildFile; fileRef = 5665A7F524AF82BA00D113E8 /* Array+Extension.swift */; };
		5665A7F724AF82BA00D113E8 /* Array+Extension.swift in Sources */ = {isa = PBXBuildFile; fileRef = 5665A7F524AF82BA00D113E8 /* Array+Extension.swift */; };
		5665A7F924AFC3CF00D113E8 /* Score.swift in Sources */ = {isa = PBXBuildFile; fileRef = 5665A7F824AFC3CF00D113E8 /* Score.swift */; };
		5665A7FA24AFC3CF00D113E8 /* Score.swift in Sources */ = {isa = PBXBuildFile; fileRef = 5665A7F824AFC3CF00D113E8 /* Score.swift */; };
		5665A7FC24AFD2D100D113E8 /* Theme.swift in Sources */ = {isa = PBXBuildFile; fileRef = 5665A7FB24AFD2D100D113E8 /* Theme.swift */; };
		5665A7FD24AFD2D100D113E8 /* Theme.swift in Sources */ = {isa = PBXBuildFile; fileRef = 5665A7FB24AFD2D100D113E8 /* Theme.swift */; };
		5665A7FF24AFD58B00D113E8 /* ThemesView.swift in Sources */ = {isa = PBXBuildFile; fileRef = 5665A7FE24AFD58A00D113E8 /* ThemesView.swift */; };
		5665A80024AFD58B00D113E8 /* ThemesView.swift in Sources */ = {isa = PBXBuildFile; fileRef = 5665A7FE24AFD58A00D113E8 /* ThemesView.swift */; };
		5665A80224AFE03B00D113E8 /* ThemeViewModel.swift in Sources */ = {isa = PBXBuildFile; fileRef = 5665A80124AFE03B00D113E8 /* ThemeViewModel.swift */; };
		5665A80324AFE03B00D113E8 /* ThemeViewModel.swift in Sources */ = {isa = PBXBuildFile; fileRef = 5665A80124AFE03B00D113E8 /* ThemeViewModel.swift */; };
		566BAEB924ACC086006FD170 /* Tests_iOS.swift in Sources */ = {isa = PBXBuildFile; fileRef = 566BAEB824ACC086006FD170 /* Tests_iOS.swift */; };
		566BAEC424ACC086006FD170 /* Tests_macOS.swift in Sources */ = {isa = PBXBuildFile; fileRef = 566BAEC324ACC086006FD170 /* Tests_macOS.swift */; };
		566BAEC624ACC086006FD170 /* MemorizeApp.swift in Sources */ = {isa = PBXBuildFile; fileRef = 566BAE9D24ACC084006FD170 /* MemorizeApp.swift */; };
		566BAEC724ACC086006FD170 /* MemorizeApp.swift in Sources */ = {isa = PBXBuildFile; fileRef = 566BAE9D24ACC084006FD170 /* MemorizeApp.swift */; };
		566BAEC824ACC086006FD170 /* EmojiMemoryGameView.swift in Sources */ = {isa = PBXBuildFile; fileRef = 566BAE9E24ACC084006FD170 /* EmojiMemoryGameView.swift */; };
		566BAEC924ACC086006FD170 /* EmojiMemoryGameView.swift in Sources */ = {isa = PBXBuildFile; fileRef = 566BAE9E24ACC084006FD170 /* EmojiMemoryGameView.swift */; };
		566BAECA24ACC086006FD170 /* Assets.xcassets in Resources */ = {isa = PBXBuildFile; fileRef = 566BAE9F24ACC086006FD170 /* Assets.xcassets */; };
		566BAECB24ACC086006FD170 /* Assets.xcassets in Resources */ = {isa = PBXBuildFile; fileRef = 566BAE9F24ACC086006FD170 /* Assets.xcassets */; };
		566BAEDB24ACCC6B006FD170 /* MemoryGame.swift in Sources */ = {isa = PBXBuildFile; fileRef = 566BAEDA24ACCC6B006FD170 /* MemoryGame.swift */; };
		566BAEDC24ACCC6B006FD170 /* MemoryGame.swift in Sources */ = {isa = PBXBuildFile; fileRef = 566BAEDA24ACCC6B006FD170 /* MemoryGame.swift */; };
		566BAEDE24ACCFB3006FD170 /* EmojiMemoryGame.swift in Sources */ = {isa = PBXBuildFile; fileRef = 566BAEDD24ACCFB3006FD170 /* EmojiMemoryGame.swift */; };
		566BAEDF24ACCFB3006FD170 /* EmojiMemoryGame.swift in Sources */ = {isa = PBXBuildFile; fileRef = 566BAEDD24ACCFB3006FD170 /* EmojiMemoryGame.swift */; };
		56A79E9624AFF697003A6502 /* Pie.swift in Sources */ = {isa = PBXBuildFile; fileRef = 56A79E9524AFF697003A6502 /* Pie.swift */; };
		56A79E9724AFF697003A6502 /* Pie.swift in Sources */ = {isa = PBXBuildFile; fileRef = 56A79E9524AFF697003A6502 /* Pie.swift */; };
		56A79E9924AFFBE4003A6502 /* Cardify.swift in Sources */ = {isa = PBXBuildFile; fileRef = 56A79E9824AFFBE4003A6502 /* Cardify.swift */; };
		56A79E9A24AFFBE4003A6502 /* Cardify.swift in Sources */ = {isa = PBXBuildFile; fileRef = 56A79E9824AFFBE4003A6502 /* Cardify.swift */; };
		AF5282CF268917B00059EA20 /* UIDevice+Extension.swift in Sources */ = {isa = PBXBuildFile; fileRef = AF5282CE268917AF0059EA20 /* UIDevice+Extension.swift */; };
		AF5282D0268917B00059EA20 /* UIDevice+Extension.swift in Sources */ = {isa = PBXBuildFile; fileRef = AF5282CE268917AF0059EA20 /* UIDevice+Extension.swift */; };
		AF908273268CA0EC00B917D6 /* RoundedRectangleClipped.swift in Sources */ = {isa = PBXBuildFile; fileRef = AF908272268CA0EB00B917D6 /* RoundedRectangleClipped.swift */; };
		AF908274268CA0EC00B917D6 /* RoundedRectangleClipped.swift in Sources */ = {isa = PBXBuildFile; fileRef = AF908272268CA0EB00B917D6 /* RoundedRectangleClipped.swift */; };
/* End PBXBuildFile section */

/* Begin PBXContainerItemProxy section */
		566BAEB524ACC086006FD170 /* PBXContainerItemProxy */ = {
			isa = PBXContainerItemProxy;
			containerPortal = 566BAE9824ACC084006FD170 /* Project object */;
			proxyType = 1;
			remoteGlobalIDString = 566BAEA324ACC086006FD170;
			remoteInfo = iOS;
		};
		566BAEC024ACC086006FD170 /* PBXContainerItemProxy */ = {
			isa = PBXContainerItemProxy;
			containerPortal = 566BAE9824ACC084006FD170 /* Project object */;
			proxyType = 1;
			remoteGlobalIDString = 566BAEAB24ACC086006FD170;
			remoteInfo = macOS;
		};
/* End PBXContainerItemProxy section */

/* Begin PBXFileReference section */
		5665A7ED24AF7A4F00D113E8 /* Grid.swift */ = {isa = PBXFileReference; lastKnownFileType = sourcecode.swift; path = Grid.swift; sourceTree = "<group>"; };
		5665A7F024AF7E8400D113E8 /* GridLayout.swift */ = {isa = PBXFileReference; fileEncoding = 4; lastKnownFileType = sourcecode.swift; path = GridLayout.swift; sourceTree = "<group>"; };
		5665A7F524AF82BA00D113E8 /* Array+Extension.swift */ = {isa = PBXFileReference; lastKnownFileType = sourcecode.swift; path = "Array+Extension.swift"; sourceTree = "<group>"; };
		5665A7F824AFC3CF00D113E8 /* Score.swift */ = {isa = PBXFileReference; lastKnownFileType = sourcecode.swift; path = Score.swift; sourceTree = "<group>"; };
		5665A7FB24AFD2D100D113E8 /* Theme.swift */ = {isa = PBXFileReference; lastKnownFileType = sourcecode.swift; path = Theme.swift; sourceTree = "<group>"; };
		5665A7FE24AFD58A00D113E8 /* ThemesView.swift */ = {isa = PBXFileReference; lastKnownFileType = sourcecode.swift; path = ThemesView.swift; sourceTree = "<group>"; };
		5665A80124AFE03B00D113E8 /* ThemeViewModel.swift */ = {isa = PBXFileReference; lastKnownFileType = sourcecode.swift; path = ThemeViewModel.swift; sourceTree = "<group>"; };
		566BAE9D24ACC084006FD170 /* MemorizeApp.swift */ = {isa = PBXFileReference; lastKnownFileType = sourcecode.swift; path = MemorizeApp.swift; sourceTree = "<group>"; };
		566BAE9E24ACC084006FD170 /* EmojiMemoryGameView.swift */ = {isa = PBXFileReference; lastKnownFileType = sourcecode.swift; path = EmojiMemoryGameView.swift; sourceTree = "<group>"; };
		566BAE9F24ACC086006FD170 /* Assets.xcassets */ = {isa = PBXFileReference; lastKnownFileType = folder.assetcatalog; path = Assets.xcassets; sourceTree = "<group>"; };
		566BAEA424ACC086006FD170 /* Memorize.app */ = {isa = PBXFileReference; explicitFileType = wrapper.application; includeInIndex = 0; path = Memorize.app; sourceTree = BUILT_PRODUCTS_DIR; };
		566BAEA724ACC086006FD170 /* Info.plist */ = {isa = PBXFileReference; lastKnownFileType = text.plist.xml; path = Info.plist; sourceTree = "<group>"; };
		566BAEAC24ACC086006FD170 /* Memorize.app */ = {isa = PBXFileReference; explicitFileType = wrapper.application; includeInIndex = 0; path = Memorize.app; sourceTree = BUILT_PRODUCTS_DIR; };
		566BAEAE24ACC086006FD170 /* Info.plist */ = {isa = PBXFileReference; lastKnownFileType = text.plist.xml; path = Info.plist; sourceTree = "<group>"; };
		566BAEAF24ACC086006FD170 /* macOS.entitlements */ = {isa = PBXFileReference; lastKnownFileType = text.plist.entitlements; path = macOS.entitlements; sourceTree = "<group>"; };
		566BAEB424ACC086006FD170 /* Tests iOS.xctest */ = {isa = PBXFileReference; explicitFileType = wrapper.cfbundle; includeInIndex = 0; path = "Tests iOS.xctest"; sourceTree = BUILT_PRODUCTS_DIR; };
		566BAEB824ACC086006FD170 /* Tests_iOS.swift */ = {isa = PBXFileReference; lastKnownFileType = sourcecode.swift; path = Tests_iOS.swift; sourceTree = "<group>"; };
		566BAEBA24ACC086006FD170 /* Info.plist */ = {isa = PBXFileReference; lastKnownFileType = text.plist.xml; path = Info.plist; sourceTree = "<group>"; };
		566BAEBF24ACC086006FD170 /* Tests macOS.xctest */ = {isa = PBXFileReference; explicitFileType = wrapper.cfbundle; includeInIndex = 0; path = "Tests macOS.xctest"; sourceTree = BUILT_PRODUCTS_DIR; };
		566BAEC324ACC086006FD170 /* Tests_macOS.swift */ = {isa = PBXFileReference; lastKnownFileType = sourcecode.swift; path = Tests_macOS.swift; sourceTree = "<group>"; };
		566BAEC524ACC086006FD170 /* Info.plist */ = {isa = PBXFileReference; lastKnownFileType = text.plist.xml; path = Info.plist; sourceTree = "<group>"; };
		566BAEDA24ACCC6B006FD170 /* MemoryGame.swift */ = {isa = PBXFileReference; lastKnownFileType = sourcecode.swift; path = MemoryGame.swift; sourceTree = "<group>"; };
		566BAEDD24ACCFB3006FD170 /* EmojiMemoryGame.swift */ = {isa = PBXFileReference; lastKnownFileType = sourcecode.swift; path = EmojiMemoryGame.swift; sourceTree = "<group>"; };
		56A79E9524AFF697003A6502 /* Pie.swift */ = {isa = PBXFileReference; lastKnownFileType = sourcecode.swift; path = Pie.swift; sourceTree = "<group>"; };
		56A79E9824AFFBE4003A6502 /* Cardify.swift */ = {isa = PBXFileReference; lastKnownFileType = sourcecode.swift; path = Cardify.swift; sourceTree = "<group>"; };
		AF5282CE268917AF0059EA20 /* UIDevice+Extension.swift */ = {isa = PBXFileReference; lastKnownFileType = sourcecode.swift; path = "UIDevice+Extension.swift"; sourceTree = "<group>"; };
		AF908272268CA0EB00B917D6 /* RoundedRectangleClipped.swift */ = {isa = PBXFileReference; lastKnownFileType = sourcecode.swift; path = RoundedRectangleClipped.swift; sourceTree = "<group>"; };
/* End PBXFileReference section */

/* Begin PBXFrameworksBuildPhase section */
		566BAEA124ACC086006FD170 /* Frameworks */ = {
			isa = PBXFrameworksBuildPhase;
			buildActionMask = 2147483647;
			files = (
			);
			runOnlyForDeploymentPostprocessing = 0;
		};
		566BAEA924ACC086006FD170 /* Frameworks */ = {
			isa = PBXFrameworksBuildPhase;
			buildActionMask = 2147483647;
			files = (
			);
			runOnlyForDeploymentPostprocessing = 0;
		};
		566BAEB124ACC086006FD170 /* Frameworks */ = {
			isa = PBXFrameworksBuildPhase;
			buildActionMask = 2147483647;
			files = (
			);
			runOnlyForDeploymentPostprocessing = 0;
		};
		566BAEBC24ACC086006FD170 /* Frameworks */ = {
			isa = PBXFrameworksBuildPhase;
			buildActionMask = 2147483647;
			files = (
			);
			runOnlyForDeploymentPostprocessing = 0;
		};
/* End PBXFrameworksBuildPhase section */

/* Begin PBXGroup section */
		5665A7F324AF7E8B00D113E8 /* Components */ = {
			isa = PBXGroup;
			children = (
				5665A7ED24AF7A4F00D113E8 /* Grid.swift */,
				5665A7F024AF7E8400D113E8 /* GridLayout.swift */,
			);
			path = Components;
			sourceTree = "<group>";
		};
		5665A7F424AF828A00D113E8 /* Extension */ = {
			isa = PBXGroup;
			children = (
				5665A7F524AF82BA00D113E8 /* Array+Extension.swift */,
				AF5282CE268917AF0059EA20 /* UIDevice+Extension.swift */,
			);
			path = Extension;
			sourceTree = "<group>";
		};
		566BAE9724ACC084006FD170 = {
			isa = PBXGroup;
			children = (
				566BAE9C24ACC084006FD170 /* Shared */,
				566BAEA624ACC086006FD170 /* iOS */,
				566BAEAD24ACC086006FD170 /* macOS */,
				566BAEB724ACC086006FD170 /* Tests iOS */,
				566BAEC224ACC086006FD170 /* Tests macOS */,
				566BAEA524ACC086006FD170 /* Products */,
			);
			sourceTree = "<group>";
		};
		566BAE9C24ACC084006FD170 /* Shared */ = {
			isa = PBXGroup;
			children = (
				5665A7F424AF828A00D113E8 /* Extension */,
				56863CA824AEAD6700827DB8 /* View */,
				56863CA724AEAD5E00827DB8 /* ViewModel */,
				56863CA624AEAD5900827DB8 /* Model */,
				566BAE9D24ACC084006FD170 /* MemorizeApp.swift */,
				566BAE9F24ACC086006FD170 /* Assets.xcassets */,
			);
			path = Shared;
			sourceTree = "<group>";
		};
		566BAEA524ACC086006FD170 /* Products */ = {
			isa = PBXGroup;
			children = (
				566BAEA424ACC086006FD170 /* Memorize.app */,
				566BAEAC24ACC086006FD170 /* Memorize.app */,
				566BAEB424ACC086006FD170 /* Tests iOS.xctest */,
				566BAEBF24ACC086006FD170 /* Tests macOS.xctest */,
			);
			name = Products;
			sourceTree = "<group>";
		};
		566BAEA624ACC086006FD170 /* iOS */ = {
			isa = PBXGroup;
			children = (
				566BAEA724ACC086006FD170 /* Info.plist */,
			);
			path = iOS;
			sourceTree = "<group>";
		};
		566BAEAD24ACC086006FD170 /* macOS */ = {
			isa = PBXGroup;
			children = (
				566BAEAE24ACC086006FD170 /* Info.plist */,
				566BAEAF24ACC086006FD170 /* macOS.entitlements */,
			);
			path = macOS;
			sourceTree = "<group>";
		};
		566BAEB724ACC086006FD170 /* Tests iOS */ = {
			isa = PBXGroup;
			children = (
				566BAEB824ACC086006FD170 /* Tests_iOS.swift */,
				566BAEBA24ACC086006FD170 /* Info.plist */,
			);
			path = "Tests iOS";
			sourceTree = "<group>";
		};
		566BAEC224ACC086006FD170 /* Tests macOS */ = {
			isa = PBXGroup;
			children = (
				566BAEC324ACC086006FD170 /* Tests_macOS.swift */,
				566BAEC524ACC086006FD170 /* Info.plist */,
			);
			path = "Tests macOS";
			sourceTree = "<group>";
		};
		56863CA624AEAD5900827DB8 /* Model */ = {
			isa = PBXGroup;
			children = (
				566BAEDA24ACCC6B006FD170 /* MemoryGame.swift */,
				5665A7F824AFC3CF00D113E8 /* Score.swift */,
				5665A7FB24AFD2D100D113E8 /* Theme.swift */,
			);
			path = Model;
			sourceTree = "<group>";
		};
		56863CA724AEAD5E00827DB8 /* ViewModel */ = {
			isa = PBXGroup;
			children = (
				566BAEDD24ACCFB3006FD170 /* EmojiMemoryGame.swift */,
				5665A80124AFE03B00D113E8 /* ThemeViewModel.swift */,
			);
			path = ViewModel;
			sourceTree = "<group>";
		};
		56863CA824AEAD6700827DB8 /* View */ = {
			isa = PBXGroup;
			children = (
				56A79E9824AFFBE4003A6502 /* Cardify.swift */,
				5665A7F324AF7E8B00D113E8 /* Components */,
				566BAE9E24ACC084006FD170 /* EmojiMemoryGameView.swift */,
				5665A7FE24AFD58A00D113E8 /* ThemesView.swift */,
				56A79E9524AFF697003A6502 /* Pie.swift */,
				AF908272268CA0EB00B917D6 /* RoundedRectangleClipped.swift */,
			);
			path = View;
			sourceTree = "<group>";
		};
/* End PBXGroup section */

/* Begin PBXNativeTarget section */
		566BAEA324ACC086006FD170 /* iOS */ = {
			isa = PBXNativeTarget;
			buildConfigurationList = 566BAECE24ACC086006FD170 /* Build configuration list for PBXNativeTarget "iOS" */;
			buildPhases = (
				566BAEA024ACC086006FD170 /* Sources */,
				566BAEA124ACC086006FD170 /* Frameworks */,
				566BAEA224ACC086006FD170 /* Resources */,
			);
			buildRules = (
			);
			dependencies = (
			);
			name = iOS;
			productName = iOS;
			productReference = 566BAEA424ACC086006FD170 /* Memorize.app */;
			productType = "com.apple.product-type.application";
		};
		566BAEAB24ACC086006FD170 /* macOS */ = {
			isa = PBXNativeTarget;
			buildConfigurationList = 566BAED124ACC086006FD170 /* Build configuration list for PBXNativeTarget "macOS" */;
			buildPhases = (
				566BAEA824ACC086006FD170 /* Sources */,
				566BAEA924ACC086006FD170 /* Frameworks */,
				566BAEAA24ACC086006FD170 /* Resources */,
			);
			buildRules = (
			);
			dependencies = (
			);
			name = macOS;
			productName = macOS;
			productReference = 566BAEAC24ACC086006FD170 /* Memorize.app */;
			productType = "com.apple.product-type.application";
		};
		566BAEB324ACC086006FD170 /* Tests iOS */ = {
			isa = PBXNativeTarget;
			buildConfigurationList = 566BAED424ACC086006FD170 /* Build configuration list for PBXNativeTarget "Tests iOS" */;
			buildPhases = (
				566BAEB024ACC086006FD170 /* Sources */,
				566BAEB124ACC086006FD170 /* Frameworks */,
				566BAEB224ACC086006FD170 /* Resources */,
			);
			buildRules = (
			);
			dependencies = (
				566BAEB624ACC086006FD170 /* PBXTargetDependency */,
			);
			name = "Tests iOS";
			productName = "Tests iOS";
			productReference = 566BAEB424ACC086006FD170 /* Tests iOS.xctest */;
			productType = "com.apple.product-type.bundle.ui-testing";
		};
		566BAEBE24ACC086006FD170 /* Tests macOS */ = {
			isa = PBXNativeTarget;
			buildConfigurationList = 566BAED724ACC086006FD170 /* Build configuration list for PBXNativeTarget "Tests macOS" */;
			buildPhases = (
				566BAEBB24ACC086006FD170 /* Sources */,
				566BAEBC24ACC086006FD170 /* Frameworks */,
				566BAEBD24ACC086006FD170 /* Resources */,
			);
			buildRules = (
			);
			dependencies = (
				566BAEC124ACC086006FD170 /* PBXTargetDependency */,
			);
			name = "Tests macOS";
			productName = "Tests macOS";
			productReference = 566BAEBF24ACC086006FD170 /* Tests macOS.xctest */;
			productType = "com.apple.product-type.bundle.ui-testing";
		};
/* End PBXNativeTarget section */

/* Begin PBXProject section */
		566BAE9824ACC084006FD170 /* Project object */ = {
			isa = PBXProject;
			attributes = {
				LastSwiftUpdateCheck = 1200;
				LastUpgradeCheck = 1200;
				TargetAttributes = {
					566BAEA324ACC086006FD170 = {
						CreatedOnToolsVersion = 12.0;
					};
					566BAEAB24ACC086006FD170 = {
						CreatedOnToolsVersion = 12.0;
					};
					566BAEB324ACC086006FD170 = {
						CreatedOnToolsVersion = 12.0;
						TestTargetID = 566BAEA324ACC086006FD170;
					};
					566BAEBE24ACC086006FD170 = {
						CreatedOnToolsVersion = 12.0;
						TestTargetID = 566BAEAB24ACC086006FD170;
					};
				};
			};
			buildConfigurationList = 566BAE9B24ACC084006FD170 /* Build configuration list for PBXProject "Memorize" */;
			compatibilityVersion = "Xcode 9.3";
			developmentRegion = en;
			hasScannedForEncodings = 0;
			knownRegions = (
				en,
				Base,
			);
			mainGroup = 566BAE9724ACC084006FD170;
			productRefGroup = 566BAEA524ACC086006FD170 /* Products */;
			projectDirPath = "";
			projectRoot = "";
			targets = (
				566BAEA324ACC086006FD170 /* iOS */,
				566BAEAB24ACC086006FD170 /* macOS */,
				566BAEB324ACC086006FD170 /* Tests iOS */,
				566BAEBE24ACC086006FD170 /* Tests macOS */,
			);
		};
/* End PBXProject section */

/* Begin PBXResourcesBuildPhase section */
		566BAEA224ACC086006FD170 /* Resources */ = {
			isa = PBXResourcesBuildPhase;
			buildActionMask = 2147483647;
			files = (
				566BAECA24ACC086006FD170 /* Assets.xcassets in Resources */,
			);
			runOnlyForDeploymentPostprocessing = 0;
		};
		566BAEAA24ACC086006FD170 /* Resources */ = {
			isa = PBXResourcesBuildPhase;
			buildActionMask = 2147483647;
			files = (
				566BAECB24ACC086006FD170 /* Assets.xcassets in Resources */,
			);
			runOnlyForDeploymentPostprocessing = 0;
		};
		566BAEB224ACC086006FD170 /* Resources */ = {
			isa = PBXResourcesBuildPhase;
			buildActionMask = 2147483647;
			files = (
			);
			runOnlyForDeploymentPostprocessing = 0;
		};
		566BAEBD24ACC086006FD170 /* Resources */ = {
			isa = PBXResourcesBuildPhase;
			buildActionMask = 2147483647;
			files = (
			);
			runOnlyForDeploymentPostprocessing = 0;
		};
/* End PBXResourcesBuildPhase section */

/* Begin PBXSourcesBuildPhase section */
		566BAEA024ACC086006FD170 /* Sources */ = {
			isa = PBXSourcesBuildPhase;
			buildActionMask = 2147483647;
			files = (
				5665A7FF24AFD58B00D113E8 /* ThemesView.swift in Sources */,
				AF5282CF268917B00059EA20 /* UIDevice+Extension.swift in Sources */,
				5665A7FC24AFD2D100D113E8 /* Theme.swift in Sources */,
				566BAEDB24ACCC6B006FD170 /* MemoryGame.swift in Sources */,
				566BAEC824ACC086006FD170 /* EmojiMemoryGameView.swift in Sources */,
				5665A7F924AFC3CF00D113E8 /* Score.swift in Sources */,
				566BAEC624ACC086006FD170 /* MemorizeApp.swift in Sources */,
				56A79E9624AFF697003A6502 /* Pie.swift in Sources */,
				5665A7F124AF7E8400D113E8 /* GridLayout.swift in Sources */,
				5665A7F624AF82BA00D113E8 /* Array+Extension.swift in Sources */,
				AF908273268CA0EC00B917D6 /* RoundedRectangleClipped.swift in Sources */,
				5665A80224AFE03B00D113E8 /* ThemeViewModel.swift in Sources */,
				5665A7EE24AF7A4F00D113E8 /* Grid.swift in Sources */,
				56A79E9924AFFBE4003A6502 /* Cardify.swift in Sources */,
				566BAEDE24ACCFB3006FD170 /* EmojiMemoryGame.swift in Sources */,
			);
			runOnlyForDeploymentPostprocessing = 0;
		};
		566BAEA824ACC086006FD170 /* Sources */ = {
			isa = PBXSourcesBuildPhase;
			buildActionMask = 2147483647;
			files = (
				5665A80024AFD58B00D113E8 /* ThemesView.swift in Sources */,
				AF5282D0268917B00059EA20 /* UIDevice+Extension.swift in Sources */,
				5665A7FD24AFD2D100D113E8 /* Theme.swift in Sources */,
				566BAEDC24ACCC6B006FD170 /* MemoryGame.swift in Sources */,
				566BAEC924ACC086006FD170 /* EmojiMemoryGameView.swift in Sources */,
				5665A7FA24AFC3CF00D113E8 /* Score.swift in Sources */,
				566BAEC724ACC086006FD170 /* MemorizeApp.swift in Sources */,
				56A79E9724AFF697003A6502 /* Pie.swift in Sources */,
				5665A7F224AF7E8400D113E8 /* GridLayout.swift in Sources */,
				5665A7F724AF82BA00D113E8 /* Array+Extension.swift in Sources */,
				AF908274268CA0EC00B917D6 /* RoundedRectangleClipped.swift in Sources */,
				5665A80324AFE03B00D113E8 /* ThemeViewModel.swift in Sources */,
				5665A7EF24AF7A4F00D113E8 /* Grid.swift in Sources */,
				56A79E9A24AFFBE4003A6502 /* Cardify.swift in Sources */,
				566BAEDF24ACCFB3006FD170 /* EmojiMemoryGame.swift in Sources */,
			);
			runOnlyForDeploymentPostprocessing = 0;
		};
		566BAEB024ACC086006FD170 /* Sources */ = {
			isa = PBXSourcesBuildPhase;
			buildActionMask = 2147483647;
			files = (
				566BAEB924ACC086006FD170 /* Tests_iOS.swift in Sources */,
			);
			runOnlyForDeploymentPostprocessing = 0;
		};
		566BAEBB24ACC086006FD170 /* Sources */ = {
			isa = PBXSourcesBuildPhase;
			buildActionMask = 2147483647;
			files = (
				566BAEC424ACC086006FD170 /* Tests_macOS.swift in Sources */,
			);
			runOnlyForDeploymentPostprocessing = 0;
		};
/* End PBXSourcesBuildPhase section */

/* Begin PBXTargetDependency section */
		566BAEB624ACC086006FD170 /* PBXTargetDependency */ = {
			isa = PBXTargetDependency;
			target = 566BAEA324ACC086006FD170 /* iOS */;
			targetProxy = 566BAEB524ACC086006FD170 /* PBXContainerItemProxy */;
		};
		566BAEC124ACC086006FD170 /* PBXTargetDependency */ = {
			isa = PBXTargetDependency;
			target = 566BAEAB24ACC086006FD170 /* macOS */;
			targetProxy = 566BAEC024ACC086006FD170 /* PBXContainerItemProxy */;
		};
/* End PBXTargetDependency section */

/* Begin XCBuildConfiguration section */
		566BAECC24ACC086006FD170 /* Debug */ = {
			isa = XCBuildConfiguration;
			buildSettings = {
				ALWAYS_SEARCH_USER_PATHS = NO;
				CLANG_ANALYZER_NONNULL = YES;
				CLANG_ANALYZER_NUMBER_OBJECT_CONVERSION = YES_AGGRESSIVE;
				CLANG_CXX_LANGUAGE_STANDARD = "gnu++14";
				CLANG_CXX_LIBRARY = "libc++";
				CLANG_ENABLE_MODULES = YES;
				CLANG_ENABLE_OBJC_ARC = YES;
				CLANG_ENABLE_OBJC_WEAK = YES;
				CLANG_WARN_BLOCK_CAPTURE_AUTORELEASING = YES;
				CLANG_WARN_BOOL_CONVERSION = YES;
				CLANG_WARN_COMMA = YES;
				CLANG_WARN_CONSTANT_CONVERSION = YES;
				CLANG_WARN_DEPRECATED_OBJC_IMPLEMENTATIONS = YES;
				CLANG_WARN_DIRECT_OBJC_ISA_USAGE = YES_ERROR;
				CLANG_WARN_DOCUMENTATION_COMMENTS = YES;
				CLANG_WARN_EMPTY_BODY = YES;
				CLANG_WARN_ENUM_CONVERSION = YES;
				CLANG_WARN_INFINITE_RECURSION = YES;
				CLANG_WARN_INT_CONVERSION = YES;
				CLANG_WARN_NON_LITERAL_NULL_CONVERSION = YES;
				CLANG_WARN_OBJC_IMPLICIT_RETAIN_SELF = YES;
				CLANG_WARN_OBJC_LITERAL_CONVERSION = YES;
				CLANG_WARN_OBJC_ROOT_CLASS = YES_ERROR;
				CLANG_WARN_QUOTED_INCLUDE_IN_FRAMEWORK_HEADER = YES;
				CLANG_WARN_RANGE_LOOP_ANALYSIS = YES;
				CLANG_WARN_STRICT_PROTOTYPES = YES;
				CLANG_WARN_SUSPICIOUS_MOVE = YES;
				CLANG_WARN_UNGUARDED_AVAILABILITY = YES_AGGRESSIVE;
				CLANG_WARN_UNREACHABLE_CODE = YES;
				CLANG_WARN__DUPLICATE_METHOD_MATCH = YES;
				COPY_PHASE_STRIP = NO;
				DEBUG_INFORMATION_FORMAT = dwarf;
				ENABLE_STRICT_OBJC_MSGSEND = YES;
				ENABLE_TESTABILITY = YES;
				GCC_C_LANGUAGE_STANDARD = gnu11;
				GCC_DYNAMIC_NO_PIC = NO;
				GCC_NO_COMMON_BLOCKS = YES;
				GCC_OPTIMIZATION_LEVEL = 0;
				GCC_PREPROCESSOR_DEFINITIONS = (
					"DEBUG=1",
					"$(inherited)",
				);
				GCC_WARN_64_TO_32_BIT_CONVERSION = YES;
				GCC_WARN_ABOUT_RETURN_TYPE = YES_ERROR;
				GCC_WARN_UNDECLARED_SELECTOR = YES;
				GCC_WARN_UNINITIALIZED_AUTOS = YES_AGGRESSIVE;
				GCC_WARN_UNUSED_FUNCTION = YES;
				GCC_WARN_UNUSED_VARIABLE = YES;
				MACOSX_DEPLOYMENT_TARGET = 11.0;
				MTL_ENABLE_DEBUG_INFO = INCLUDE_SOURCE;
				MTL_FAST_MATH = YES;
				ONLY_ACTIVE_ARCH = YES;
				SWIFT_ACTIVE_COMPILATION_CONDITIONS = DEBUG;
				SWIFT_OPTIMIZATION_LEVEL = "-Onone";
			};
			name = Debug;
		};
		566BAECD24ACC086006FD170 /* Release */ = {
			isa = XCBuildConfiguration;
			buildSettings = {
				ALWAYS_SEARCH_USER_PATHS = NO;
				CLANG_ANALYZER_NONNULL = YES;
				CLANG_ANALYZER_NUMBER_OBJECT_CONVERSION = YES_AGGRESSIVE;
				CLANG_CXX_LANGUAGE_STANDARD = "gnu++14";
				CLANG_CXX_LIBRARY = "libc++";
				CLANG_ENABLE_MODULES = YES;
				CLANG_ENABLE_OBJC_ARC = YES;
				CLANG_ENABLE_OBJC_WEAK = YES;
				CLANG_WARN_BLOCK_CAPTURE_AUTORELEASING = YES;
				CLANG_WARN_BOOL_CONVERSION = YES;
				CLANG_WARN_COMMA = YES;
				CLANG_WARN_CONSTANT_CONVERSION = YES;
				CLANG_WARN_DEPRECATED_OBJC_IMPLEMENTATIONS = YES;
				CLANG_WARN_DIRECT_OBJC_ISA_USAGE = YES_ERROR;
				CLANG_WARN_DOCUMENTATION_COMMENTS = YES;
				CLANG_WARN_EMPTY_BODY = YES;
				CLANG_WARN_ENUM_CONVERSION = YES;
				CLANG_WARN_INFINITE_RECURSION = YES;
				CLANG_WARN_INT_CONVERSION = YES;
				CLANG_WARN_NON_LITERAL_NULL_CONVERSION = YES;
				CLANG_WARN_OBJC_IMPLICIT_RETAIN_SELF = YES;
				CLANG_WARN_OBJC_LITERAL_CONVERSION = YES;
				CLANG_WARN_OBJC_ROOT_CLASS = YES_ERROR;
				CLANG_WARN_QUOTED_INCLUDE_IN_FRAMEWORK_HEADER = YES;
				CLANG_WARN_RANGE_LOOP_ANALYSIS = YES;
				CLANG_WARN_STRICT_PROTOTYPES = YES;
				CLANG_WARN_SUSPICIOUS_MOVE = YES;
				CLANG_WARN_UNGUARDED_AVAILABILITY = YES_AGGRESSIVE;
				CLANG_WARN_UNREACHABLE_CODE = YES;
				CLANG_WARN__DUPLICATE_METHOD_MATCH = YES;
				COPY_PHASE_STRIP = NO;
				DEBUG_INFORMATION_FORMAT = "dwarf-with-dsym";
				ENABLE_NS_ASSERTIONS = NO;
				ENABLE_STRICT_OBJC_MSGSEND = YES;
				GCC_C_LANGUAGE_STANDARD = gnu11;
				GCC_NO_COMMON_BLOCKS = YES;
				GCC_WARN_64_TO_32_BIT_CONVERSION = YES;
				GCC_WARN_ABOUT_RETURN_TYPE = YES_ERROR;
				GCC_WARN_UNDECLARED_SELECTOR = YES;
				GCC_WARN_UNINITIALIZED_AUTOS = YES_AGGRESSIVE;
				GCC_WARN_UNUSED_FUNCTION = YES;
				GCC_WARN_UNUSED_VARIABLE = YES;
				MACOSX_DEPLOYMENT_TARGET = 11.0;
				MTL_ENABLE_DEBUG_INFO = NO;
				MTL_FAST_MATH = YES;
				SWIFT_COMPILATION_MODE = wholemodule;
				SWIFT_OPTIMIZATION_LEVEL = "-O";
			};
			name = Release;
		};
		566BAECF24ACC086006FD170 /* Debug */ = {
			isa = XCBuildConfiguration;
			buildSettings = {
				ASSETCATALOG_COMPILER_APPICON_NAME = AppIcon;
				ASSETCATALOG_COMPILER_GLOBAL_ACCENT_COLOR_NAME = AccentColor;
				CODE_SIGN_STYLE = Automatic;
				DEVELOPMENT_TEAM = GJUSD98938;
				ENABLE_PREVIEWS = YES;
				INFOPLIST_FILE = iOS/Info.plist;
				IPHONEOS_DEPLOYMENT_TARGET = 14.0;
				LD_RUNPATH_SEARCH_PATHS = (
					"$(inherited)",
					"@executable_path/Frameworks",
				);
				PRODUCT_BUNDLE_IDENTIFIER = ca.bruno.Memorize;
				PRODUCT_NAME = Memorize;
				SDKROOT = iphoneos;
				SWIFT_VERSION = 5.0;
				TARGETED_DEVICE_FAMILY = "1,2";
			};
			name = Debug;
		};
		566BAED024ACC086006FD170 /* Release */ = {
			isa = XCBuildConfiguration;
			buildSettings = {
				ASSETCATALOG_COMPILER_APPICON_NAME = AppIcon;
				ASSETCATALOG_COMPILER_GLOBAL_ACCENT_COLOR_NAME = AccentColor;
				CODE_SIGN_STYLE = Automatic;
				DEVELOPMENT_TEAM = GJUSD98938;
				ENABLE_PREVIEWS = YES;
				INFOPLIST_FILE = iOS/Info.plist;
				IPHONEOS_DEPLOYMENT_TARGET = 14.0;
				LD_RUNPATH_SEARCH_PATHS = (
					"$(inherited)",
					"@executable_path/Frameworks",
				);
				PRODUCT_BUNDLE_IDENTIFIER = ca.bruno.Memorize;
				PRODUCT_NAME = Memorize;
				SDKROOT = iphoneos;
				SWIFT_VERSION = 5.0;
				TARGETED_DEVICE_FAMILY = "1,2";
				VALIDATE_PRODUCT = YES;
			};
			name = Release;
		};
		566BAED224ACC086006FD170 /* Debug */ = {
			isa = XCBuildConfiguration;
			buildSettings = {
				ASSETCATALOG_COMPILER_APPICON_NAME = AppIcon;
				ASSETCATALOG_COMPILER_GLOBAL_ACCENT_COLOR_NAME = AccentColor;
				CODE_SIGN_ENTITLEMENTS = macOS/macOS.entitlements;
				CODE_SIGN_STYLE = Automatic;
				COMBINE_HIDPI_IMAGES = YES;
				DEVELOPMENT_TEAM = GJUSD98938;
				ENABLE_HARDENED_RUNTIME = YES;
				ENABLE_PREVIEWS = YES;
				INFOPLIST_FILE = macOS/Info.plist;
				LD_RUNPATH_SEARCH_PATHS = (
					"$(inherited)",
					"@executable_path/../Frameworks",
				);
				MACOSX_DEPLOYMENT_TARGET = 11.0;
				PRODUCT_BUNDLE_IDENTIFIER = ca.bruno.Memorize;
				PRODUCT_NAME = Memorize;
				SDKROOT = macosx;
				SWIFT_VERSION = 5.0;
			};
			name = Debug;
		};
		566BAED324ACC086006FD170 /* Release */ = {
			isa = XCBuildConfiguration;
			buildSettings = {
				ASSETCATALOG_COMPILER_APPICON_NAME = AppIcon;
				ASSETCATALOG_COMPILER_GLOBAL_ACCENT_COLOR_NAME = AccentColor;
				CODE_SIGN_ENTITLEMENTS = macOS/macOS.entitlements;
				CODE_SIGN_STYLE = Automatic;
				COMBINE_HIDPI_IMAGES = YES;
				DEVELOPMENT_TEAM = GJUSD98938;
				ENABLE_HARDENED_RUNTIME = YES;
				ENABLE_PREVIEWS = YES;
				INFOPLIST_FILE = macOS/Info.plist;
				LD_RUNPATH_SEARCH_PATHS = (
					"$(inherited)",
					"@executable_path/../Frameworks",
				);
				MACOSX_DEPLOYMENT_TARGET = 11.0;
				PRODUCT_BUNDLE_IDENTIFIER = ca.bruno.Memorize;
				PRODUCT_NAME = Memorize;
				SDKROOT = macosx;
				SWIFT_VERSION = 5.0;
			};
			name = Release;
		};
		566BAED524ACC086006FD170 /* Debug */ = {
			isa = XCBuildConfiguration;
			buildSettings = {
				ALWAYS_EMBED_SWIFT_STANDARD_LIBRARIES = YES;
				CODE_SIGN_STYLE = Automatic;
				DEVELOPMENT_TEAM = GJUSD98938;
				INFOPLIST_FILE = "Tests iOS/Info.plist";
				IPHONEOS_DEPLOYMENT_TARGET = 14.0;
				LD_RUNPATH_SEARCH_PATHS = (
					"$(inherited)",
					"@executable_path/Frameworks",
					"@loader_path/Frameworks",
				);
				PRODUCT_BUNDLE_IDENTIFIER = "ca.bruno.Tests-iOS";
				PRODUCT_NAME = "$(TARGET_NAME)";
				SDKROOT = iphoneos;
				SWIFT_VERSION = 5.0;
				TARGETED_DEVICE_FAMILY = "1,2";
				TEST_TARGET_NAME = iOS;
			};
			name = Debug;
		};
		566BAED624ACC086006FD170 /* Release */ = {
			isa = XCBuildConfiguration;
			buildSettings = {
				ALWAYS_EMBED_SWIFT_STANDARD_LIBRARIES = YES;
				CODE_SIGN_STYLE = Automatic;
				DEVELOPMENT_TEAM = GJUSD98938;
				INFOPLIST_FILE = "Tests iOS/Info.plist";
				IPHONEOS_DEPLOYMENT_TARGET = 14.0;
				LD_RUNPATH_SEARCH_PATHS = (
					"$(inherited)",
					"@executable_path/Frameworks",
					"@loader_path/Frameworks",
				);
				PRODUCT_BUNDLE_IDENTIFIER = "ca.bruno.Tests-iOS";
				PRODUCT_NAME = "$(TARGET_NAME)";
				SDKROOT = iphoneos;
				SWIFT_VERSION = 5.0;
				TARGETED_DEVICE_FAMILY = "1,2";
				TEST_TARGET_NAME = iOS;
				VALIDATE_PRODUCT = YES;
			};
			name = Release;
		};
		566BAED824ACC086006FD170 /* Debug */ = {
			isa = XCBuildConfiguration;
			buildSettings = {
				ALWAYS_EMBED_SWIFT_STANDARD_LIBRARIES = YES;
				CODE_SIGN_STYLE = Automatic;
				COMBINE_HIDPI_IMAGES = YES;
				DEVELOPMENT_TEAM = GJUSD98938;
				INFOPLIST_FILE = "Tests macOS/Info.plist";
				LD_RUNPATH_SEARCH_PATHS = (
					"$(inherited)",
					"@executable_path/../Frameworks",
					"@loader_path/../Frameworks",
				);
				MACOSX_DEPLOYMENT_TARGET = 10.15;
				PRODUCT_BUNDLE_IDENTIFIER = "ca.bruno.Tests-macOS";
				PRODUCT_NAME = "$(TARGET_NAME)";
				SDKROOT = macosx;
				SWIFT_VERSION = 5.0;
				TEST_TARGET_NAME = macOS;
			};
			name = Debug;
		};
		566BAED924ACC086006FD170 /* Release */ = {
			isa = XCBuildConfiguration;
			buildSettings = {
				ALWAYS_EMBED_SWIFT_STANDARD_LIBRARIES = YES;
				CODE_SIGN_STYLE = Automatic;
				COMBINE_HIDPI_IMAGES = YES;
				DEVELOPMENT_TEAM = GJUSD98938;
				INFOPLIST_FILE = "Tests macOS/Info.plist";
				LD_RUNPATH_SEARCH_PATHS = (
					"$(inherited)",
					"@executable_path/../Frameworks",
					"@loader_path/../Frameworks",
				);
				MACOSX_DEPLOYMENT_TARGET = 10.15;
				PRODUCT_BUNDLE_IDENTIFIER = "ca.bruno.Tests-macOS";
				PRODUCT_NAME = "$(TARGET_NAME)";
				SDKROOT = macosx;
				SWIFT_VERSION = 5.0;
				TEST_TARGET_NAME = macOS;
			};
			name = Release;
		};
/* End XCBuildConfiguration section */

/* Begin XCConfigurationList section */
		566BAE9B24ACC084006FD170 /* Build configuration list for PBXProject "Memorize" */ = {
			isa = XCConfigurationList;
			buildConfigurations = (
				566BAECC24ACC086006FD170 /* Debug */,
				566BAECD24ACC086006FD170 /* Release */,
			);
			defaultConfigurationIsVisible = 0;
			defaultConfigurationName = Release;
		};
		566BAECE24ACC086006FD170 /* Build configuration list for PBXNativeTarget "iOS" */ = {
			isa = XCConfigurationList;
			buildConfigurations = (
				566BAECF24ACC086006FD170 /* Debug */,
				566BAED024ACC086006FD170 /* Release */,
			);
			defaultConfigurationIsVisible = 0;
			defaultConfigurationName = Release;
		};
		566BAED124ACC086006FD170 /* Build configuration list for PBXNativeTarget "macOS" */ = {
			isa = XCConfigurationList;
			buildConfigurations = (
				566BAED224ACC086006FD170 /* Debug */,
				566BAED324ACC086006FD170 /* Release */,
			);
			defaultConfigurationIsVisible = 0;
			defaultConfigurationName = Release;
		};
		566BAED424ACC086006FD170 /* Build configuration list for PBXNativeTarget "Tests iOS" */ = {
			isa = XCConfigurationList;
			buildConfigurations = (
				566BAED524ACC086006FD170 /* Debug */,
				566BAED624ACC086006FD170 /* Release */,
			);
			defaultConfigurationIsVisible = 0;
			defaultConfigurationName = Release;
		};
		566BAED724ACC086006FD170 /* Build configuration list for PBXNativeTarget "Tests macOS" */ = {
			isa = XCConfigurationList;
			buildConfigurations = (
				566BAED824ACC086006FD170 /* Debug */,
				566BAED924ACC086006FD170 /* Release */,
			);
			defaultConfigurationIsVisible = 0;
			defaultConfigurationName = Release;
		};
/* End XCConfigurationList section */
	};
	rootObject = 566BAE9824ACC084006FD170 /* Project object */;
}
